
Microsoft Visual Studio Solution File, Format Version 12.00
# Visual Studio Version 16
VisualStudioVersion = 16.0.31613.86
MinimumVisualStudioVersion = 10.0.40219.1
Project("{FAE04EC0-301F-11D3-BF4B-00C04F79EFBC}") = "BD.Jcbg.Web", "BD.Jcbg.Web\BD.Jcbg.Web.csproj", "{BD9061E1-6785-4F12-B593-5B3C2114FB6A}"
EndProject
Project("{FAE04EC0-301F-11D3-BF4B-00C04F79EFBC}") = "BD.Jcbg.Bll", "BD.Jcbg.Bll\BD.Jcbg.Bll.csproj", "{5FFEB199-02EB-4077-8BE5-E2A4DA3AA9C4}"
EndProject
Project("{FAE04EC0-301F-11D3-BF4B-00C04F79EFBC}") = "BD.Jcbg.Common", "BD.Jcbg.Common\BD.Jcbg.Common.csproj", "{81254B6D-C43C-42DB-950E-93B880F53EDA}"
EndProject
Project("{FAE04EC0-301F-11D3-BF4B-00C04F79EFBC}") = "BD.Jcbg.DaoSqlServer", "BD.Jcbg.DaoSqlServer\BD.Jcbg.DaoSqlServer.csproj", "{24255219-5A2B-401C-8205-2DD01C541BC1}"
EndProject
Project("{FAE04EC0-301F-11D3-BF4B-00C04F79EFBC}") = "BD.Jcbg.DataModal", "BD.Jcbg.DataModal\BD.Jcbg.DataModal.csproj", "{5E620B26-8ECC-4BFC-92A6-4C43B6237ED7}"
EndProject
Project("{FAE04EC0-301F-11D3-BF4B-00C04F79EFBC}") = "BD.Jcbg.IBll", "BD.Jcbg.IBll\BD.Jcbg.IBll.csproj", "{6F190D1A-E81F-4E32-B494-788EB2ED5A7E}"
EndProject
Project("{FAE04EC0-301F-11D3-BF4B-00C04F79EFBC}") = "BD.Jcbg.IDao", "BD.Jcbg.IDao\BD.Jcbg.IDao.csproj", "{1CD8796F-DE8B-4075-AC63-0FA3088A31F5}"
EndProject
Project("{FAE04EC0-301F-11D3-BF4B-00C04F79EFBC}") = "BD.Jcbg.Service", "BD.Jcbg.Service\BD.Jcbg.Service.csproj", "{CBB60B71-D584-42BA-8A0A-B9E566E83230}"
EndProject
Global
	GlobalSection(SolutionConfigurationPlatforms) = preSolution
		Debug|Any CPU = Debug|Any CPU
		Debug|x64 = Debug|x64
		Debug|x86 = Debug|x86
		Release|Any CPU = Release|Any CPU
		Release|x64 = Release|x64
		Release|x86 = Release|x86
	EndGlobalSection
	GlobalSection(ProjectConfigurationPlatforms) = postSolution
		{BD9061E1-6785-4F12-B593-5B3C2114FB6A}.Debug|Any CPU.ActiveCfg = Debug|Any CPU
		{BD9061E1-6785-4F12-B593-5B3C2114FB6A}.Debug|Any CPU.Build.0 = Debug|Any CPU
		{BD9061E1-6785-4F12-B593-5B3C2114FB6A}.Debug|x64.ActiveCfg = Debug|x64
		{BD9061E1-6785-4F12-B593-5B3C2114FB6A}.Debug|x64.Build.0 = Debug|x64
		{BD9061E1-6785-4F12-B593-5B3C2114FB6A}.Debug|x86.ActiveCfg = Debug|x64
		{BD9061E1-6785-4F12-B593-5B3C2114FB6A}.Debug|x86.Build.0 = Debug|x64
		{BD9061E1-6785-4F12-B593-5B3C2114FB6A}.Release|Any CPU.ActiveCfg = Release|Any CPU
		{BD9061E1-6785-4F12-B593-5B3C2114FB6A}.Release|Any CPU.Build.0 = Release|Any CPU
		{BD9061E1-6785-4F12-B593-5B3C2114FB6A}.Release|x64.ActiveCfg = Release|x64
		{BD9061E1-6785-4F12-B593-5B3C2114FB6A}.Release|x64.Build.0 = Release|x64
		{BD9061E1-6785-4F12-B593-5B3C2114FB6A}.Release|x86.ActiveCfg = Release|x86
		{BD9061E1-6785-4F12-B593-5B3C2114FB6A}.Release|x86.Build.0 = Release|x86
		{5FFEB199-02EB-4077-8BE5-E2A4DA3AA9C4}.Debug|Any CPU.ActiveCfg = Debug|Any CPU
		{5FFEB199-02EB-4077-8BE5-E2A4DA3AA9C4}.Debug|Any CPU.Build.0 = Debug|Any CPU
		{5FFEB199-02EB-4077-8BE5-E2A4DA3AA9C4}.Debug|x64.ActiveCfg = Debug|Any CPU
		{5FFEB199-02EB-4077-8BE5-E2A4DA3AA9C4}.Debug|x64.Build.0 = Debug|Any CPU
		{5FFEB199-02EB-4077-8BE5-E2A4DA3AA9C4}.Debug|x86.ActiveCfg = Debug|Any CPU
		{5FFEB199-02EB-4077-8BE5-E2A4DA3AA9C4}.Debug|x86.Build.0 = Debug|Any CPU
		{5FFEB199-02EB-4077-8BE5-E2A4DA3AA9C4}.Release|Any CPU.ActiveCfg = Release|Any CPU
		{5FFEB199-02EB-4077-8BE5-E2A4DA3AA9C4}.Release|Any CPU.Build.0 = Release|Any CPU
		{5FFEB199-02EB-4077-8BE5-E2A4DA3AA9C4}.Release|x64.ActiveCfg = Release|Any CPU
		{5FFEB199-02EB-4077-8BE5-E2A4DA3AA9C4}.Release|x64.Build.0 = Release|Any CPU
		{5FFEB199-02EB-4077-8BE5-E2A4DA3AA9C4}.Release|x86.ActiveCfg = Release|Any CPU
		{5FFEB199-02EB-4077-8BE5-E2A4DA3AA9C4}.Release|x86.Build.0 = Release|Any CPU
		{81254B6D-C43C-42DB-950E-93B880F53EDA}.Debug|Any CPU.ActiveCfg = Debug|Any CPU
		{81254B6D-C43C-42DB-950E-93B880F53EDA}.Debug|Any CPU.Build.0 = Debug|Any CPU
		{81254B6D-C43C-42DB-950E-93B880F53EDA}.Debug|x64.ActiveCfg = Debug|Any CPU
		{81254B6D-C43C-42DB-950E-93B880F53EDA}.Debug|x64.Build.0 = Debug|Any CPU
		{81254B6D-C43C-42DB-950E-93B880F53EDA}.Debug|x86.ActiveCfg = Debug|Any CPU
		{81254B6D-C43C-42DB-950E-93B880F53EDA}.Debug|x86.Build.0 = Debug|Any CPU
		{81254B6D-C43C-42DB-950E-93B880F53EDA}.Release|Any CPU.ActiveCfg = Release|Any CPU
		{81254B6D-C43C-42DB-950E-93B880F53EDA}.Release|Any CPU.Build.0 = Release|Any CPU
		{81254B6D-C43C-42DB-950E-93B880F53EDA}.Release|x64.ActiveCfg = Release|Any CPU
		{81254B6D-C43C-42DB-950E-93B880F53EDA}.Release|x64.Build.0 = Release|Any CPU
		{81254B6D-C43C-42DB-950E-93B880F53EDA}.Release|x86.ActiveCfg = Release|Any CPU
		{81254B6D-C43C-42DB-950E-93B880F53EDA}.Release|x86.Build.0 = Release|Any CPU
		{24255219-5A2B-401C-8205-2DD01C541BC1}.Debug|Any CPU.ActiveCfg = Debug|Any CPU
		{24255219-5A2B-401C-8205-2DD01C541BC1}.Debug|Any CPU.Build.0 = Debug|Any CPU
		{24255219-5A2B-401C-8205-2DD01C541BC1}.Debug|x64.ActiveCfg = Debug|Any CPU
		{24255219-5A2B-401C-8205-2DD01C541BC1}.Debug|x64.Build.0 = Debug|Any CPU
		{24255219-5A2B-401C-8205-2DD01C541BC1}.Debug|x86.ActiveCfg = Debug|Any CPU
		{24255219-5A2B-401C-8205-2DD01C541BC1}.Debug|x86.Build.0 = Debug|Any CPU
		{24255219-5A2B-401C-8205-2DD01C541BC1}.Release|Any CPU.ActiveCfg = Release|Any CPU
		{24255219-5A2B-401C-8205-2DD01C541BC1}.Release|Any CPU.Build.0 = Release|Any CPU
		{24255219-5A2B-401C-8205-2DD01C541BC1}.Release|x64.ActiveCfg = Release|Any CPU
		{24255219-5A2B-401C-8205-2DD01C541BC1}.Release|x64.Build.0 = Release|Any CPU
		{24255219-5A2B-401C-8205-2DD01C541BC1}.Release|x86.ActiveCfg = Release|Any CPU
		{24255219-5A2B-401C-8205-2DD01C541BC1}.Release|x86.Build.0 = Release|Any CPU
		{5E620B26-8ECC-4BFC-92A6-4C43B6237ED7}.Debug|Any CPU.ActiveCfg = Debug|Any CPU
		{5E620B26-8ECC-4BFC-92A6-4C43B6237ED7}.Debug|Any CPU.Build.0 = Debug|Any CPU
		{5E620B26-8ECC-4BFC-92A6-4C43B6237ED7}.Debug|x64.ActiveCfg = Debug|Any CPU
		{5E620B26-8ECC-4BFC-92A6-4C43B6237ED7}.Debug|x64.Build.0 = Debug|Any CPU
		{5E620B26-8ECC-4BFC-92A6-4C43B6237ED7}.Debug|x86.ActiveCfg = Debug|Any CPU
		{5E620B26-8ECC-4BFC-92A6-4C43B6237ED7}.Debug|x86.Build.0 = Debug|Any CPU
		{5E620B26-8ECC-4BFC-92A6-4C43B6237ED7}.Release|Any CPU.ActiveCfg = Release|Any CPU
		{5E620B26-8ECC-4BFC-92A6-4C43B6237ED7}.Release|Any CPU.Build.0 = Release|Any CPU
		{5E620B26-8ECC-4BFC-92A6-4C43B6237ED7}.Release|x64.ActiveCfg = Release|Any CPU
		{5E620B26-8ECC-4BFC-92A6-4C43B6237ED7}.Release|x64.Build.0 = Release|Any CPU
		{5E620B26-8ECC-4BFC-92A6-4C43B6237ED7}.Release|x86.ActiveCfg = Release|Any CPU
		{5E620B26-8ECC-4BFC-92A6-4C43B6237ED7}.Release|x86.Build.0 = Release|Any CPU
		{6F190D1A-E81F-4E32-B494-788EB2ED5A7E}.Debug|Any CPU.ActiveCfg = Debug|Any CPU
		{6F190D1A-E81F-4E32-B494-788EB2ED5A7E}.Debug|Any CPU.Build.0 = Debug|Any CPU
		{6F190D1A-E81F-4E32-B494-788EB2ED5A7E}.Debug|x64.ActiveCfg = Debug|Any CPU
		{6F190D1A-E81F-4E32-B494-788EB2ED5A7E}.Debug|x64.Build.0 = Debug|Any CPU
		{6F190D1A-E81F-4E32-B494-788EB2ED5A7E}.Debug|x86.ActiveCfg = Debug|Any CPU
		{6F190D1A-E81F-4E32-B494-788EB2ED5A7E}.Debug|x86.Build.0 = Debug|Any CPU
		{6F190D1A-E81F-4E32-B494-788EB2ED5A7E}.Release|Any CPU.ActiveCfg = Release|Any CPU
		{6F190D1A-E81F-4E32-B494-788EB2ED5A7E}.Release|Any CPU.Build.0 = Release|Any CPU
		{6F190D1A-E81F-4E32-B494-788EB2ED5A7E}.Release|x64.ActiveCfg = Release|Any CPU
		{6F190D1A-E81F-4E32-B494-788EB2ED5A7E}.Release|x64.Build.0 = Release|Any CPU
		{6F190D1A-E81F-4E32-B494-788EB2ED5A7E}.Release|x86.ActiveCfg = Release|Any CPU
		{6F190D1A-E81F-4E32-B494-788EB2ED5A7E}.Release|x86.Build.0 = Release|Any CPU
		{1CD8796F-DE8B-4075-AC63-0FA3088A31F5}.Debug|Any CPU.ActiveCfg = Debug|Any CPU
		{1CD8796F-DE8B-4075-AC63-0FA3088A31F5}.Debug|Any CPU.Build.0 = Debug|Any CPU
		{1CD8796F-DE8B-4075-AC63-0FA3088A31F5}.Debug|x64.ActiveCfg = Debug|Any CPU
		{1CD8796F-DE8B-4075-AC63-0FA3088A31F5}.Debug|x64.Build.0 = Debug|Any CPU
		{1CD8796F-DE8B-4075-AC63-0FA3088A31F5}.Debug|x86.ActiveCfg = Debug|Any CPU
		{1CD8796F-DE8B-4075-AC63-0FA3088A31F5}.Debug|x86.Build.0 = Debug|Any CPU
		{1CD8796F-DE8B-4075-AC63-0FA3088A31F5}.Release|Any CPU.ActiveCfg = Release|Any CPU
		{1CD8796F-DE8B-4075-AC63-0FA3088A31F5}.Release|Any CPU.Build.0 = Release|Any CPU
		{1CD8796F-DE8B-4075-AC63-0FA3088A31F5}.Release|x64.ActiveCfg = Release|Any CPU
		{1CD8796F-DE8B-4075-AC63-0FA3088A31F5}.Release|x64.Build.0 = Release|Any CPU
		{1CD8796F-DE8B-4075-AC63-0FA3088A31F5}.Release|x86.ActiveCfg = Release|Any CPU
		{1CD8796F-DE8B-4075-AC63-0FA3088A31F5}.Release|x86.Build.0 = Release|Any CPU
		{CBB60B71-D584-42BA-8A0A-B9E566E83230}.Debug|Any CPU.ActiveCfg = Debug|Any CPU
		{CBB60B71-D584-42BA-8A0A-B9E566E83230}.Debug|Any CPU.Build.0 = Debug|Any CPU
		{CBB60B71-D584-42BA-8A0A-B9E566E83230}.Debug|x64.ActiveCfg = Debug|Any CPU
		{CBB60B71-D584-42BA-8A0A-B9E566E83230}.Debug|x64.Build.0 = Debug|Any CPU
		{CBB60B71-D584-42BA-8A0A-B9E566E83230}.Debug|x86.ActiveCfg = Debug|Any CPU
		{CBB60B71-D584-42BA-8A0A-B9E566E83230}.Debug|x86.Build.0 = Debug|Any CPU
		{CBB60B71-D584-42BA-8A0A-B9E566E83230}.Release|Any CPU.ActiveCfg = Release|Any CPU
		{CBB60B71-D584-42BA-8A0A-B9E566E83230}.Release|Any CPU.Build.0 = Release|Any CPU
		{CBB60B71-D584-42BA-8A0A-B9E566E83230}.Release|x64.ActiveCfg = Release|Any CPU
		{CBB60B71-D584-42BA-8A0A-B9E566E83230}.Release|x64.Build.0 = Release|Any CPU
		{CBB60B71-D584-42BA-8A0A-B9E566E83230}.Release|x86.ActiveCfg = Release|Any CPU
		{CBB60B71-D584-42BA-8A0A-B9E566E83230}.Release|x86.Build.0 = Release|Any CPU
	EndGlobalSection
	GlobalSection(SolutionProperties) = preSolution
		HideSolutionNode = FALSE
	EndGlobalSection
	GlobalSection(ExtensibilityGlobals) = postSolution
		SolutionGuid = {40D3A444-CF5A-47AD-A0CB-DC2EDF47861E}
	EndGlobalSection
EndGlobal
