
Microsoft Visual Studio Solution File, Format Version 12.00
# Visual Studio 2013
VisualStudioVersion = 12.0.40629.0
MinimumVisualStudioVersion = 10.0.40219.1
Project("{FAE04EC0-301F-11D3-BF4B-00C04F79EFBC}") = "BD.JC.JS.Common", "BD.JC.JS.Comon\BD.JC.JS.Common.csproj", "{2461EA6B-70BC-4FAB-8C9D-2B08641C9A24}"
EndProject
Project("{FAE04EC0-301F-11D3-BF4B-00C04F79EFBC}") = "BD.JC.JS.Test", "BD.JC.JS.Test\BD.JC.JS.Test.csproj", "{D6E163D4-119F-4B34-AB8C-CD4E4C04291E}"
EndProject
Project("{FAE04EC0-301F-11D3-BF4B-00C04F79EFBC}") = "BD.JC.JS.SUser", "BD.JC.JS.SUser\BD.JC.JS.SUser.csproj", "{5D056D47-8C58-4E46-ABAF-E94ACE3CFCC1}"
EndProject
Global
	GlobalSection(SolutionConfigurationPlatforms) = preSolution
		Debug|Any CPU = Debug|Any CPU
		Release|Any CPU = Release|Any CPU
	EndGlobalSection
	GlobalSection(ProjectConfigurationPlatforms) = postSolution
		{2461EA6B-70BC-4FAB-8C9D-2B08641C9A24}.Debug|Any CPU.ActiveCfg = Debug|Any CPU
		{2461EA6B-70BC-4FAB-8C9D-2B08641C9A24}.Debug|Any CPU.Build.0 = Debug|Any CPU
		{2461EA6B-70BC-4FAB-8C9D-2B08641C9A24}.Release|Any CPU.ActiveCfg = Release|Any CPU
		{2461EA6B-70BC-4FAB-8C9D-2B08641C9A24}.Release|Any CPU.Build.0 = Release|Any CPU
		{D6E163D4-119F-4B34-AB8C-CD4E4C04291E}.Debug|Any CPU.ActiveCfg = Debug|Any CPU
		{D6E163D4-119F-4B34-AB8C-CD4E4C04291E}.Debug|Any CPU.Build.0 = Debug|Any CPU
		{D6E163D4-119F-4B34-AB8C-CD4E4C04291E}.Release|Any CPU.ActiveCfg = Release|Any CPU
		{D6E163D4-119F-4B34-AB8C-CD4E4C04291E}.Release|Any CPU.Build.0 = Release|Any CPU
		{5D056D47-8C58-4E46-ABAF-E94ACE3CFCC1}.Debug|Any CPU.ActiveCfg = Debug|Any CPU
		{5D056D47-8C58-4E46-ABAF-E94ACE3CFCC1}.Debug|Any CPU.Build.0 = Debug|Any CPU
		{5D056D47-8C58-4E46-ABAF-E94ACE3CFCC1}.Release|Any CPU.ActiveCfg = Release|Any CPU
		{5D056D47-8C58-4E46-ABAF-E94ACE3CFCC1}.Release|Any CPU.Build.0 = Release|Any CPU
	EndGlobalSection
	GlobalSection(SolutionProperties) = preSolution
		HideSolutionNode = FALSE
	EndGlobalSection
EndGlobal
